<?xml version="1.0" encoding="UTF-8" standalone="yes" ?>
<CodeBlocks_project_file>
	<FileVersion major="1" minor="6" />
	<Project>
		<Option title="Jump2" />
		<Option pch_mode="2" />
		<Option compiler="gcc" />
		<Build>
			<Target title="Debug">
				<Option output="bin/Debug/Jump2" prefix_auto="1" extension_auto="1" />
				<Option object_output="obj/Debug/" />
				<Option type="1" />
				<Option compiler="gcc" />
				<Compiler>
					<Add option="-g" />
					<Add directory="include" />
				</Compiler>
				<Linker>
					<Add library="sfml-graphics-d" />
					<Add library="sfml-window-d" />
					<Add library="sfml-system-d" />
					<Add library="sfml-audio-d" />
				</Linker>
			</Target>
			<Target title="Release">
				<Option output="bin/Release/Jump2" prefix_auto="1" extension_auto="1" />
				<Option object_output="obj/Release/" />
				<Option type="1" />
				<Option compiler="gcc" />
				<Compiler>
					<Add option="-O2" />
					<Add directory="include" />
				</Compiler>
				<Linker>
					<Add option="-s" />
					<Add library="sfml-graphics" />
					<Add library="sfml-window" />
					<Add library="sfml-system" />
					<Add library="sfml-audio" />
				</Linker>
			</Target>
		</Build>
		<Compiler>
			<Add option="-Wall" />
			<Add option="-fexceptions" />
			<Add directory="C:/Users/user/Downloads/SFML-2.4.2-windows-gcc-6.1.0-mingw-32-bit/SFML-2.4.2/include" />
		</Compiler>
		<Linker>
			<Add directory="C:/Users/user/Downloads/SFML-2.4.2-windows-gcc-6.1.0-mingw-32-bit/SFML-2.4.2/lib" />
		</Linker>
		<Unit filename="include/ListObs.h" />
		<Unit filename="include/OBJECT.H" />
		<Unit filename="include/OBSTACLE.H" />
		<Unit filename="include/PLAYER.H" />
		<Unit filename="main.cpp" />
		<Unit filename="src/ListObs.cpp" />
		<Unit filename="src/OBJECT.CPP" />
		<Unit filename="src/OBSTACLE.CPP" />
		<Unit filename="src/PLAYER.CPP" />
		<Extensions>
			<code_completion />
			<envvars />
			<debugger />
			<lib_finder disable_auto="1" />
		</Extensions>
	</Project>
</CodeBlocks_project_file>
